
Microsoft Visual Studio Solution File, Format Version 12.00
# Visual Studio Version 17
VisualStudioVersion = 17.0.31903.59
MinimumVisualStudioVersion = 10.0.40219.1
Project("{2150E333-8FDC-42A3-9474-1A3956D46DE8}") = "src", "src", "{827E0CD3-B72D-47B6-A68D-7590B98EB39B}"
EndProject
Project("{F2A71F9B-5D33-465A-A702-920D77279786}") = "App", "src\App\App.fsproj", "{084965DA-4059-4BA7-9293-EA667455F0F8}"
EndProject
Project("{2150E333-8FDC-42A3-9474-1A3956D46DE8}") = "Infrastructure", "Infrastructure", "{9048EB7F-3875-A59E-E36B-5BD4C6F2A282}"
EndProject
Project("{F2A71F9B-5D33-465A-A702-920D77279786}") = "Web", "src\Infrastructure\Web\Web.fsproj", "{C3DA3825-528C-4C69-8F40-EC15E0B46AD8}"
EndProject
Project("{2150E333-8FDC-42A3-9474-1A3956D46DE8}") = "Core", "Core", "{8D626EA8-CB54-BC41-363A-217881BEBA6E}"
EndProject
Project("{F2A71F9B-5D33-465A-A702-920D77279786}") = "Model", "src\Core\Model\Model.fsproj", "{77B26C48-7E8F-4B47-B81A-6DF9906D3F4A}"
EndProject
Project("{F2A71F9B-5D33-465A-A702-920D77279786}") = "Services", "src\Services\Services.fsproj", "{9F3B932E-AC3A-4C7E-A842-36147C2AA123}"
EndProject
Project("{2150E333-8FDC-42A3-9474-1A3956D46DE8}") = "Application", "Application", "{EC641D3F-8F32-4AF6-BB95-4B3B25A672F5}"
EndProject
Project("{F2A71F9B-5D33-465A-A702-920D77279786}") = "Application", "src\Application\Application.fsproj", "{3178FBC0-F7D2-4C73-8AA2-3B3EB4C72F39}"
EndProject
Project("{2150E333-8FDC-42A3-9474-1A3956D46DE8}") = "Adapters", "Adapters", "{B569EEA9-10E0-4F57-BCEC-2E2B3576F927}"
EndProject
Project("{F2A71F9B-5D33-465A-A702-920D77279786}") = "Adapters", "src\Infrastructure\Adapters\Adapters.fsproj", "{CE7E7DC3-2501-4749-A901-17F0C91DE6FA}"
EndProject
Project("{2150E333-8FDC-42A3-9474-1A3956D46DE8}") = "Tests", "Tests", "{AC0D0B0D-0EFC-41B0-A456-3C0FA8EA00D3}"
EndProject
Project("{F2A71F9B-5D33-465A-A702-920D77279786}") = "CrossTradedPairsWorkflow.Tests", "src\Tests\CrossTradedPairsWorkflow.Tests\CrossTradedPairsWorkflow.Tests.fsproj", "{E3EC57A7-9445-4980-92BB-2AFD4C68A0C4}"
EndProject
Global
	GlobalSection(SolutionConfigurationPlatforms) = preSolution
		Debug|Any CPU = Debug|Any CPU
		Debug|x64 = Debug|x64
		Debug|x86 = Debug|x86
		Release|Any CPU = Release|Any CPU
		Release|x64 = Release|x64
		Release|x86 = Release|x86
	EndGlobalSection
	GlobalSection(ProjectConfigurationPlatforms) = postSolution
		{084965DA-4059-4BA7-9293-EA667455F0F8}.Debug|Any CPU.ActiveCfg = Debug|Any CPU
		{084965DA-4059-4BA7-9293-EA667455F0F8}.Debug|Any CPU.Build.0 = Debug|Any CPU
		{084965DA-4059-4BA7-9293-EA667455F0F8}.Debug|x64.ActiveCfg = Debug|Any CPU
		{084965DA-4059-4BA7-9293-EA667455F0F8}.Debug|x64.Build.0 = Debug|Any CPU
		{084965DA-4059-4BA7-9293-EA667455F0F8}.Debug|x86.ActiveCfg = Debug|Any CPU
		{084965DA-4059-4BA7-9293-EA667455F0F8}.Debug|x86.Build.0 = Debug|Any CPU
		{084965DA-4059-4BA7-9293-EA667455F0F8}.Release|Any CPU.ActiveCfg = Release|Any CPU
		{084965DA-4059-4BA7-9293-EA667455F0F8}.Release|Any CPU.Build.0 = Release|Any CPU
		{084965DA-4059-4BA7-9293-EA667455F0F8}.Release|x64.ActiveCfg = Release|Any CPU
		{084965DA-4059-4BA7-9293-EA667455F0F8}.Release|x64.Build.0 = Release|Any CPU
		{084965DA-4059-4BA7-9293-EA667455F0F8}.Release|x86.ActiveCfg = Release|Any CPU
		{084965DA-4059-4BA7-9293-EA667455F0F8}.Release|x86.Build.0 = Release|Any CPU
		{C3DA3825-528C-4C69-8F40-EC15E0B46AD8}.Debug|Any CPU.ActiveCfg = Debug|Any CPU
		{C3DA3825-528C-4C69-8F40-EC15E0B46AD8}.Debug|Any CPU.Build.0 = Debug|Any CPU
		{C3DA3825-528C-4C69-8F40-EC15E0B46AD8}.Debug|x64.ActiveCfg = Debug|Any CPU
		{C3DA3825-528C-4C69-8F40-EC15E0B46AD8}.Debug|x64.Build.0 = Debug|Any CPU
		{C3DA3825-528C-4C69-8F40-EC15E0B46AD8}.Debug|x86.ActiveCfg = Debug|Any CPU
		{C3DA3825-528C-4C69-8F40-EC15E0B46AD8}.Debug|x86.Build.0 = Debug|Any CPU
		{C3DA3825-528C-4C69-8F40-EC15E0B46AD8}.Release|Any CPU.ActiveCfg = Release|Any CPU
		{C3DA3825-528C-4C69-8F40-EC15E0B46AD8}.Release|Any CPU.Build.0 = Release|Any CPU
		{C3DA3825-528C-4C69-8F40-EC15E0B46AD8}.Release|x64.ActiveCfg = Release|Any CPU
		{C3DA3825-528C-4C69-8F40-EC15E0B46AD8}.Release|x64.Build.0 = Release|Any CPU
		{C3DA3825-528C-4C69-8F40-EC15E0B46AD8}.Release|x86.ActiveCfg = Release|Any CPU
		{C3DA3825-528C-4C69-8F40-EC15E0B46AD8}.Release|x86.Build.0 = Release|Any CPU
		{77B26C48-7E8F-4B47-B81A-6DF9906D3F4A}.Debug|Any CPU.ActiveCfg = Debug|Any CPU
		{77B26C48-7E8F-4B47-B81A-6DF9906D3F4A}.Debug|Any CPU.Build.0 = Debug|Any CPU
		{77B26C48-7E8F-4B47-B81A-6DF9906D3F4A}.Debug|x64.ActiveCfg = Debug|Any CPU
		{77B26C48-7E8F-4B47-B81A-6DF9906D3F4A}.Debug|x64.Build.0 = Debug|Any CPU
		{77B26C48-7E8F-4B47-B81A-6DF9906D3F4A}.Debug|x86.ActiveCfg = Debug|Any CPU
		{77B26C48-7E8F-4B47-B81A-6DF9906D3F4A}.Debug|x86.Build.0 = Debug|Any CPU
		{77B26C48-7E8F-4B47-B81A-6DF9906D3F4A}.Release|Any CPU.ActiveCfg = Release|Any CPU
		{77B26C48-7E8F-4B47-B81A-6DF9906D3F4A}.Release|Any CPU.Build.0 = Release|Any CPU
		{77B26C48-7E8F-4B47-B81A-6DF9906D3F4A}.Release|x64.ActiveCfg = Release|Any CPU
		{77B26C48-7E8F-4B47-B81A-6DF9906D3F4A}.Release|x64.Build.0 = Release|Any CPU
		{77B26C48-7E8F-4B47-B81A-6DF9906D3F4A}.Release|x86.ActiveCfg = Release|Any CPU
		{77B26C48-7E8F-4B47-B81A-6DF9906D3F4A}.Release|x86.Build.0 = Release|Any CPU
		{9F3B932E-AC3A-4C7E-A842-36147C2AA123}.Debug|Any CPU.ActiveCfg = Debug|Any CPU
		{9F3B932E-AC3A-4C7E-A842-36147C2AA123}.Debug|Any CPU.Build.0 = Debug|Any CPU
		{9F3B932E-AC3A-4C7E-A842-36147C2AA123}.Debug|x64.ActiveCfg = Debug|Any CPU
		{9F3B932E-AC3A-4C7E-A842-36147C2AA123}.Debug|x64.Build.0 = Debug|Any CPU
		{9F3B932E-AC3A-4C7E-A842-36147C2AA123}.Debug|x86.ActiveCfg = Debug|Any CPU
		{9F3B932E-AC3A-4C7E-A842-36147C2AA123}.Debug|x86.Build.0 = Debug|Any CPU
		{9F3B932E-AC3A-4C7E-A842-36147C2AA123}.Release|Any CPU.ActiveCfg = Release|Any CPU
		{9F3B932E-AC3A-4C7E-A842-36147C2AA123}.Release|Any CPU.Build.0 = Release|Any CPU
		{9F3B932E-AC3A-4C7E-A842-36147C2AA123}.Release|x64.ActiveCfg = Release|Any CPU
		{9F3B932E-AC3A-4C7E-A842-36147C2AA123}.Release|x64.Build.0 = Release|Any CPU
		{9F3B932E-AC3A-4C7E-A842-36147C2AA123}.Release|x86.ActiveCfg = Release|Any CPU
		{9F3B932E-AC3A-4C7E-A842-36147C2AA123}.Release|x86.Build.0 = Release|Any CPU
		{3178FBC0-F7D2-4C73-8AA2-3B3EB4C72F39}.Debug|Any CPU.ActiveCfg = Debug|Any CPU
		{3178FBC0-F7D2-4C73-8AA2-3B3EB4C72F39}.Debug|Any CPU.Build.0 = Debug|Any CPU
		{3178FBC0-F7D2-4C73-8AA2-3B3EB4C72F39}.Debug|x64.ActiveCfg = Debug|Any CPU
		{3178FBC0-F7D2-4C73-8AA2-3B3EB4C72F39}.Debug|x64.Build.0 = Debug|Any CPU
		{3178FBC0-F7D2-4C73-8AA2-3B3EB4C72F39}.Debug|x86.ActiveCfg = Debug|Any CPU
		{3178FBC0-F7D2-4C73-8AA2-3B3EB4C72F39}.Debug|x86.Build.0 = Debug|Any CPU
		{3178FBC0-F7D2-4C73-8AA2-3B3EB4C72F39}.Release|Any CPU.ActiveCfg = Release|Any CPU
		{3178FBC0-F7D2-4C73-8AA2-3B3EB4C72F39}.Release|Any CPU.Build.0 = Release|Any CPU
		{3178FBC0-F7D2-4C73-8AA2-3B3EB4C72F39}.Release|x64.ActiveCfg = Release|Any CPU
		{3178FBC0-F7D2-4C73-8AA2-3B3EB4C72F39}.Release|x64.Build.0 = Release|Any CPU
		{3178FBC0-F7D2-4C73-8AA2-3B3EB4C72F39}.Release|x86.ActiveCfg = Release|Any CPU
		{3178FBC0-F7D2-4C73-8AA2-3B3EB4C72F39}.Release|x86.Build.0 = Release|Any CPU
		{CE7E7DC3-2501-4749-A901-17F0C91DE6FA}.Debug|Any CPU.ActiveCfg = Debug|Any CPU
		{CE7E7DC3-2501-4749-A901-17F0C91DE6FA}.Debug|Any CPU.Build.0 = Debug|Any CPU
		{CE7E7DC3-2501-4749-A901-17F0C91DE6FA}.Debug|x64.ActiveCfg = Debug|Any CPU
		{CE7E7DC3-2501-4749-A901-17F0C91DE6FA}.Debug|x64.Build.0 = Debug|Any CPU
		{CE7E7DC3-2501-4749-A901-17F0C91DE6FA}.Debug|x86.ActiveCfg = Debug|Any CPU
		{CE7E7DC3-2501-4749-A901-17F0C91DE6FA}.Debug|x86.Build.0 = Debug|Any CPU
		{CE7E7DC3-2501-4749-A901-17F0C91DE6FA}.Release|Any CPU.ActiveCfg = Release|Any CPU
		{CE7E7DC3-2501-4749-A901-17F0C91DE6FA}.Release|Any CPU.Build.0 = Release|Any CPU
		{CE7E7DC3-2501-4749-A901-17F0C91DE6FA}.Release|x64.ActiveCfg = Release|Any CPU
		{CE7E7DC3-2501-4749-A901-17F0C91DE6FA}.Release|x64.Build.0 = Release|Any CPU
		{CE7E7DC3-2501-4749-A901-17F0C91DE6FA}.Release|x86.ActiveCfg = Release|Any CPU
		{CE7E7DC3-2501-4749-A901-17F0C91DE6FA}.Release|x86.Build.0 = Release|Any CPU
		{E3EC57A7-9445-4980-92BB-2AFD4C68A0C4}.Debug|Any CPU.ActiveCfg = Debug|Any CPU
		{E3EC57A7-9445-4980-92BB-2AFD4C68A0C4}.Debug|Any CPU.Build.0 = Debug|Any CPU
		{E3EC57A7-9445-4980-92BB-2AFD4C68A0C4}.Debug|x64.ActiveCfg = Debug|Any CPU
		{E3EC57A7-9445-4980-92BB-2AFD4C68A0C4}.Debug|x64.Build.0 = Debug|Any CPU
		{E3EC57A7-9445-4980-92BB-2AFD4C68A0C4}.Debug|x86.ActiveCfg = Debug|Any CPU
		{E3EC57A7-9445-4980-92BB-2AFD4C68A0C4}.Debug|x86.Build.0 = Debug|Any CPU
		{E3EC57A7-9445-4980-92BB-2AFD4C68A0C4}.Release|Any CPU.ActiveCfg = Release|Any CPU
		{E3EC57A7-9445-4980-92BB-2AFD4C68A0C4}.Release|Any CPU.Build.0 = Release|Any CPU
		{E3EC57A7-9445-4980-92BB-2AFD4C68A0C4}.Release|x64.ActiveCfg = Release|Any CPU
		{E3EC57A7-9445-4980-92BB-2AFD4C68A0C4}.Release|x64.Build.0 = Release|Any CPU
		{E3EC57A7-9445-4980-92BB-2AFD4C68A0C4}.Release|x86.ActiveCfg = Release|Any CPU
		{E3EC57A7-9445-4980-92BB-2AFD4C68A0C4}.Release|x86.Build.0 = Release|Any CPU
	EndGlobalSection
	GlobalSection(SolutionProperties) = preSolution
		HideSolutionNode = FALSE
	EndGlobalSection
	GlobalSection(NestedProjects) = preSolution
		{084965DA-4059-4BA7-9293-EA667455F0F8} = {827E0CD3-B72D-47B6-A68D-7590B98EB39B}
		{9048EB7F-3875-A59E-E36B-5BD4C6F2A282} = {827E0CD3-B72D-47B6-A68D-7590B98EB39B}
		{C3DA3825-528C-4C69-8F40-EC15E0B46AD8} = {9048EB7F-3875-A59E-E36B-5BD4C6F2A282}
		{8D626EA8-CB54-BC41-363A-217881BEBA6E} = {827E0CD3-B72D-47B6-A68D-7590B98EB39B}
		{77B26C48-7E8F-4B47-B81A-6DF9906D3F4A} = {8D626EA8-CB54-BC41-363A-217881BEBA6E}
		{9F3B932E-AC3A-4C7E-A842-36147C2AA123} = {827E0CD3-B72D-47B6-A68D-7590B98EB39B}
		{EC641D3F-8F32-4AF6-BB95-4B3B25A672F5} = {827E0CD3-B72D-47B6-A68D-7590B98EB39B}
		{3178FBC0-F7D2-4C73-8AA2-3B3EB4C72F39} = {EC641D3F-8F32-4AF6-BB95-4B3B25A672F5}
		{B569EEA9-10E0-4F57-BCEC-2E2B3576F927} = {9048EB7F-3875-A59E-E36B-5BD4C6F2A282}
		{CE7E7DC3-2501-4749-A901-17F0C91DE6FA} = {B569EEA9-10E0-4F57-BCEC-2E2B3576F927}
		{AC0D0B0D-0EFC-41B0-A456-3C0FA8EA00D3} = {827E0CD3-B72D-47B6-A68D-7590B98EB39B}
		{E3EC57A7-9445-4980-92BB-2AFD4C68A0C4} = {AC0D0B0D-0EFC-41B0-A456-3C0FA8EA00D3}
	EndGlobalSection
EndGlobal
